{
  "name": "stonks",
  "version": "1.0.0",
  "lockfileVersion": 1,
  "requires": true,
  "dependencies": {
    "alphavantage": {
      "version": "2.0.1",
      "resolved": "https://registry.npmjs.org/alphavantage/-/alphavantage-2.0.1.tgz",
      "integrity": "sha512-HKEmaeJE1t5C1j34dtZtEgBhfikg70aAgkh9nkzFLdGAGd2QLkD/nb9uVTqPZN4Ax7ZwgiLNz/t+7nAJw15Ahw==",
      "requires": {
        "cross-fetch": "^3.0.4"
      }
    },
    "child_process": {
      "version": "1.0.2",
      "resolved": "https://registry.npmjs.org/child_process/-/child_process-1.0.2.tgz",
      "integrity": "sha1-sffn/HPSXn/R1FWtyU4UODAYK1o="
    },
    "cross-fetch": {
      "version": "3.0.5",
      "resolved": "https://registry.npmjs.org/cross-fetch/-/cross-fetch-3.0.5.tgz",
      "integrity": "sha512-FFLcLtraisj5eteosnX1gf01qYDCOc4fDy0+euOt8Kn9YBY2NtXL/pCoYPavw24NIQkQqm5ZOLsGD5Zzj0gyew==",
      "requires": {
        "node-fetch": "2.6.0"
      }
    },
    "node-fetch": {
      "version": "2.6.0",
      "resolved": "https://registry.npmjs.org/node-fetch/-/node-fetch-2.6.0.tgz",
      "integrity": "sha512-8dG4H5ujfvFiqDmVu9fQ5bOHUC15JMjMY/Zumv26oOvvVJjM67KF8koCWIabKQ1GJIa9r2mMZscBq/TbdOcmNA=="
    }
  }
}
